
Microsoft Visual Studio Solution File, Format Version 12.00
# Visual Studio 15
VisualStudioVersion = 15.0.26124.0
MinimumVisualStudioVersion = 15.0.26124.0
Project("{2150E333-8FDC-42A3-9474-1A3956D46DE8}") = "src", "src", "{F399BA99-FE5E-48A5-85C2-EC46074E3A63}"
EndProject
Project("{FAE04EC0-301F-11D3-BF4B-00C04F79EFBC}") = "Cnab", "src\Cnab.csproj", "{804745DC-4A6B-44BB-B19E-D0D0C2469BA0}"
EndProject
Project("{2150E333-8FDC-42A3-9474-1A3956D46DE8}") = "test", "test", "{8C42C490-969D-4A2A-BD16-9EEAD3337703}"
EndProject
Project("{FAE04EC0-301F-11D3-BF4B-00C04F79EFBC}") = "Cnab.Test", "test\Cnab.Test.csproj", "{C418FF7F-ADCB-44D1-B7B4-1746CA86E1ED}"
EndProject
Project("{FAE04EC0-301F-11D3-BF4B-00C04F79EFBC}") = "Examples", "examples\Examples.csproj", "{FC49EF21-E872-455D-9D61-79848B3B8E2B}"
EndProject
Global
	GlobalSection(SolutionConfigurationPlatforms) = preSolution
		Debug|Any CPU = Debug|Any CPU
		Debug|x64 = Debug|x64
		Debug|x86 = Debug|x86
		Release|Any CPU = Release|Any CPU
		Release|x64 = Release|x64
		Release|x86 = Release|x86
	EndGlobalSection
	GlobalSection(SolutionProperties) = preSolution
		HideSolutionNode = FALSE
	EndGlobalSection
	GlobalSection(ProjectConfigurationPlatforms) = postSolution
		{804745DC-4A6B-44BB-B19E-D0D0C2469BA0}.Debug|Any CPU.ActiveCfg = Debug|Any CPU
		{804745DC-4A6B-44BB-B19E-D0D0C2469BA0}.Debug|Any CPU.Build.0 = Debug|Any CPU
		{804745DC-4A6B-44BB-B19E-D0D0C2469BA0}.Debug|x64.ActiveCfg = Debug|Any CPU
		{804745DC-4A6B-44BB-B19E-D0D0C2469BA0}.Debug|x64.Build.0 = Debug|Any CPU
		{804745DC-4A6B-44BB-B19E-D0D0C2469BA0}.Debug|x86.ActiveCfg = Debug|Any CPU
		{804745DC-4A6B-44BB-B19E-D0D0C2469BA0}.Debug|x86.Build.0 = Debug|Any CPU
		{804745DC-4A6B-44BB-B19E-D0D0C2469BA0}.Release|Any CPU.ActiveCfg = Release|Any CPU
		{804745DC-4A6B-44BB-B19E-D0D0C2469BA0}.Release|Any CPU.Build.0 = Release|Any CPU
		{804745DC-4A6B-44BB-B19E-D0D0C2469BA0}.Release|x64.ActiveCfg = Release|Any CPU
		{804745DC-4A6B-44BB-B19E-D0D0C2469BA0}.Release|x64.Build.0 = Release|Any CPU
		{804745DC-4A6B-44BB-B19E-D0D0C2469BA0}.Release|x86.ActiveCfg = Release|Any CPU
		{804745DC-4A6B-44BB-B19E-D0D0C2469BA0}.Release|x86.Build.0 = Release|Any CPU
		{C418FF7F-ADCB-44D1-B7B4-1746CA86E1ED}.Debug|Any CPU.ActiveCfg = Debug|Any CPU
		{C418FF7F-ADCB-44D1-B7B4-1746CA86E1ED}.Debug|Any CPU.Build.0 = Debug|Any CPU
		{C418FF7F-ADCB-44D1-B7B4-1746CA86E1ED}.Debug|x64.ActiveCfg = Debug|Any CPU
		{C418FF7F-ADCB-44D1-B7B4-1746CA86E1ED}.Debug|x64.Build.0 = Debug|Any CPU
		{C418FF7F-ADCB-44D1-B7B4-1746CA86E1ED}.Debug|x86.ActiveCfg = Debug|Any CPU
		{C418FF7F-ADCB-44D1-B7B4-1746CA86E1ED}.Debug|x86.Build.0 = Debug|Any CPU
		{C418FF7F-ADCB-44D1-B7B4-1746CA86E1ED}.Release|Any CPU.ActiveCfg = Release|Any CPU
		{C418FF7F-ADCB-44D1-B7B4-1746CA86E1ED}.Release|Any CPU.Build.0 = Release|Any CPU
		{C418FF7F-ADCB-44D1-B7B4-1746CA86E1ED}.Release|x64.ActiveCfg = Release|Any CPU
		{C418FF7F-ADCB-44D1-B7B4-1746CA86E1ED}.Release|x64.Build.0 = Release|Any CPU
		{C418FF7F-ADCB-44D1-B7B4-1746CA86E1ED}.Release|x86.ActiveCfg = Release|Any CPU
		{C418FF7F-ADCB-44D1-B7B4-1746CA86E1ED}.Release|x86.Build.0 = Release|Any CPU
		{FC49EF21-E872-455D-9D61-79848B3B8E2B}.Debug|Any CPU.ActiveCfg = Debug|Any CPU
		{FC49EF21-E872-455D-9D61-79848B3B8E2B}.Debug|Any CPU.Build.0 = Debug|Any CPU
		{FC49EF21-E872-455D-9D61-79848B3B8E2B}.Debug|x64.ActiveCfg = Debug|Any CPU
		{FC49EF21-E872-455D-9D61-79848B3B8E2B}.Debug|x64.Build.0 = Debug|Any CPU
		{FC49EF21-E872-455D-9D61-79848B3B8E2B}.Debug|x86.ActiveCfg = Debug|Any CPU
		{FC49EF21-E872-455D-9D61-79848B3B8E2B}.Debug|x86.Build.0 = Debug|Any CPU
		{FC49EF21-E872-455D-9D61-79848B3B8E2B}.Release|Any CPU.ActiveCfg = Release|Any CPU
		{FC49EF21-E872-455D-9D61-79848B3B8E2B}.Release|Any CPU.Build.0 = Release|Any CPU
		{FC49EF21-E872-455D-9D61-79848B3B8E2B}.Release|x64.ActiveCfg = Release|Any CPU
		{FC49EF21-E872-455D-9D61-79848B3B8E2B}.Release|x64.Build.0 = Release|Any CPU
		{FC49EF21-E872-455D-9D61-79848B3B8E2B}.Release|x86.ActiveCfg = Release|Any CPU
		{FC49EF21-E872-455D-9D61-79848B3B8E2B}.Release|x86.Build.0 = Release|Any CPU
	EndGlobalSection
	GlobalSection(NestedProjects) = preSolution
		{804745DC-4A6B-44BB-B19E-D0D0C2469BA0} = {F399BA99-FE5E-48A5-85C2-EC46074E3A63}
		{C418FF7F-ADCB-44D1-B7B4-1746CA86E1ED} = {8C42C490-969D-4A2A-BD16-9EEAD3337703}
	EndGlobalSection
EndGlobal
